
Microsoft Visual Studio Solution File, Format Version 12.00
# Visual Studio Version 16
VisualStudioVersion = 16.0.33130.400
MinimumVisualStudioVersion = 10.0.40219.1
Project("{FAE04EC0-301F-11D3-BF4B-00C04F79EFBC}") = "BookStore", "BookStore\BookStore.csproj", "{E27C757F-B4CE-4629-99C4-6AF63B4D6A4D}"
EndProject
Global
	GlobalSection(SolutionConfigurationPlatforms) = preSolution
		Debug|Any CPU = Debug|Any CPU
		Release|Any CPU = Release|Any CPU
	EndGlobalSection
	GlobalSection(ProjectConfigurationPlatforms) = postSolution
		{E27C757F-B4CE-4629-99C4-6AF63B4D6A4D}.Debug|Any CPU.ActiveCfg = Debug|Any CPU
		{E27C757F-B4CE-4629-99C4-6AF63B4D6A4D}.Debug|Any CPU.Build.0 = Debug|Any CPU
		{E27C757F-B4CE-4629-99C4-6AF63B4D6A4D}.Release|Any CPU.ActiveCfg = Release|Any CPU
		{E27C757F-B4CE-4629-99C4-6AF63B4D6A4D}.Release|Any CPU.Build.0 = Release|Any CPU
	EndGlobalSection
	GlobalSection(SolutionProperties) = preSolution
		HideSolutionNode = FALSE
	EndGlobalSection
	GlobalSection(ExtensibilityGlobals) = postSolution
		SolutionGuid = {5139AC15-63DD-4556-A79E-D737704A1B9C}
	EndGlobalSection
EndGlobal
